
Microsoft Visual Studio Solution File, Format Version 12.00
# Visual Studio Version 17
VisualStudioVersion = 17.8.34322.80
MinimumVisualStudioVersion = 10.0.40219.1
Project("{8BC9CEB8-8B4A-11D0-8D11-00A0C91BC942}") = "rust_tokioserver", "rust_tokioserver.vcxproj", "{FD3CA9B2-E5F1-43CE-9186-548D501D81C4}"
EndProject
Global
	GlobalSection(SolutionConfigurationPlatforms) = preSolution
		Debug|x64 = Debug|x64
		Release|x64 = Release|x64
	EndGlobalSection
	GlobalSection(ProjectConfigurationPlatforms) = postSolution
		{FD3CA9B2-E5F1-43CE-9186-548D501D81C4}.Debug|x64.ActiveCfg = Debug|x64
		{FD3CA9B2-E5F1-43CE-9186-548D501D81C4}.Debug|x64.Build.0 = Debug|x64
		{FD3CA9B2-E5F1-43CE-9186-548D501D81C4}.Release|x64.ActiveCfg = Release|x64
		{FD3CA9B2-E5F1-43CE-9186-548D501D81C4}.Release|x64.Build.0 = Release|x64
	EndGlobalSection
	GlobalSection(SolutionProperties) = preSolution
		HideSolutionNode = FALSE
	EndGlobalSection
	GlobalSection(ExtensibilityGlobals) = postSolution
		SolutionGuid = {08BF4746-4F59-4632-B6A4-F94EF1C4E4DB}
	EndGlobalSection
EndGlobal
